// !$*UTF8*$!
{
	archiveVersion = 1;
	classes = {
	};
	objectVersion = 50;
	objects = {

/* Begin PBXBuildFile section */
		5A1BA414269B6DE400A09BBF /* MainView.swift in Sources */ = {isa = PBXBuildFile; fileRef = 5A1BA413269B6DE400A09BBF /* MainView.swift */; };
		5A1BA416269B6E3900A09BBF /* MainPresenter.swift in Sources */ = {isa = PBXBuildFile; fileRef = 5A1BA415269B6E3900A09BBF /* MainPresenter.swift */; };
		5A1BA418269B6E6E00A09BBF /* MainInteractor.swift in Sources */ = {isa = PBXBuildFile; fileRef = 5A1BA417269B6E6E00A09BBF /* MainInteractor.swift */; };
		5A1BA41A269B6E8000A09BBF /* GameFieldView.swift in Sources */ = {isa = PBXBuildFile; fileRef = 5A1BA419269B6E8000A09BBF /* GameFieldView.swift */; };
		5A1BA41C269B6E8A00A09BBF /* GameFieldPresenter.swift in Sources */ = {isa = PBXBuildFile; fileRef = 5A1BA41B269B6E8A00A09BBF /* GameFieldPresenter.swift */; };
		5A1BA41E269B6E9500A09BBF /* GameFieldInteractor.swift in Sources */ = {isa = PBXBuildFile; fileRef = 5A1BA41D269B6E9500A09BBF /* GameFieldInteractor.swift */; };
		5A1BA420269B6EAE00A09BBF /* MainRouter.swift in Sources */ = {isa = PBXBuildFile; fileRef = 5A1BA41F269B6EAE00A09BBF /* MainRouter.swift */; };
		5A1BA423269B730200A09BBF /* Enums.swift in Sources */ = {isa = PBXBuildFile; fileRef = 5A1BA422269B730200A09BBF /* Enums.swift */; };
		5A1BA425269B749500A09BBF /* UIViewExt.swift in Sources */ = {isa = PBXBuildFile; fileRef = 5A1BA424269B749500A09BBF /* UIViewExt.swift */; };
		5A62996B269CA86000963D98 /* CustonStartButton.swift in Sources */ = {isa = PBXBuildFile; fileRef = 5A62996A269CA86000963D98 /* CustonStartButton.swift */; };
		5A8BB77E268E17E70072ED0B /* AppDelegate.swift in Sources */ = {isa = PBXBuildFile; fileRef = 5A8BB77D268E17E70072ED0B /* AppDelegate.swift */; };
		5A8BB780268E17E70072ED0B /* SceneDelegate.swift in Sources */ = {isa = PBXBuildFile; fileRef = 5A8BB77F268E17E70072ED0B /* SceneDelegate.swift */; };
		5A8BB782268E17E70072ED0B /* ViewController.swift in Sources */ = {isa = PBXBuildFile; fileRef = 5A8BB781268E17E70072ED0B /* ViewController.swift */; };
		5A8BB787268E17EA0072ED0B /* Assets.xcassets in Resources */ = {isa = PBXBuildFile; fileRef = 5A8BB786268E17EA0072ED0B /* Assets.xcassets */; };
		5A8BB78A268E17EA0072ED0B /* LaunchScreen.storyboard in Resources */ = {isa = PBXBuildFile; fileRef = 5A8BB788268E17EA0072ED0B /* LaunchScreen.storyboard */; };
/* End PBXBuildFile section */

/* Begin PBXFileReference section */
		5A1BA413269B6DE400A09BBF /* MainView.swift */ = {isa = PBXFileReference; lastKnownFileType = sourcecode.swift; path = MainView.swift; sourceTree = "<group>"; };
		5A1BA415269B6E3900A09BBF /* MainPresenter.swift */ = {isa = PBXFileReference; lastKnownFileType = sourcecode.swift; path = MainPresenter.swift; sourceTree = "<group>"; };
		5A1BA417269B6E6E00A09BBF /* MainInteractor.swift */ = {isa = PBXFileReference; lastKnownFileType = sourcecode.swift; path = MainInteractor.swift; sourceTree = "<group>"; };
		5A1BA419269B6E8000A09BBF /* GameFieldView.swift */ = {isa = PBXFileReference; lastKnownFileType = sourcecode.swift; path = GameFieldView.swift; sourceTree = "<group>"; };
		5A1BA41B269B6E8A00A09BBF /* GameFieldPresenter.swift */ = {isa = PBXFileReference; lastKnownFileType = sourcecode.swift; path = GameFieldPresenter.swift; sourceTree = "<group>"; };
		5A1BA41D269B6E9500A09BBF /* GameFieldInteractor.swift */ = {isa = PBXFileReference; lastKnownFileType = sourcecode.swift; path = GameFieldInteractor.swift; sourceTree = "<group>"; };
		5A1BA41F269B6EAE00A09BBF /* MainRouter.swift */ = {isa = PBXFileReference; lastKnownFileType = sourcecode.swift; path = MainRouter.swift; sourceTree = "<group>"; };
		5A1BA422269B730200A09BBF /* Enums.swift */ = {isa = PBXFileReference; lastKnownFileType = sourcecode.swift; path = Enums.swift; sourceTree = "<group>"; };
		5A1BA424269B749500A09BBF /* UIViewExt.swift */ = {isa = PBXFileReference; lastKnownFileType = sourcecode.swift; path = UIViewExt.swift; sourceTree = "<group>"; };
		5A62996A269CA86000963D98 /* CustonStartButton.swift */ = {isa = PBXFileReference; lastKnownFileType = sourcecode.swift; path = CustonStartButton.swift; sourceTree = "<group>"; };
		5A8BB77A268E17E70072ED0B /* CleanSwiftExample.app */ = {isa = PBXFileReference; explicitFileType = wrapper.application; includeInIndex = 0; path = CleanSwiftExample.app; sourceTree = BUILT_PRODUCTS_DIR; };
		5A8BB77D268E17E70072ED0B /* AppDelegate.swift */ = {isa = PBXFileReference; lastKnownFileType = sourcecode.swift; path = AppDelegate.swift; sourceTree = "<group>"; };
		5A8BB77F268E17E70072ED0B /* SceneDelegate.swift */ = {isa = PBXFileReference; lastKnownFileType = sourcecode.swift; path = SceneDelegate.swift; sourceTree = "<group>"; };
		5A8BB781268E17E70072ED0B /* ViewController.swift */ = {isa = PBXFileReference; lastKnownFileType = sourcecode.swift; path = ViewController.swift; sourceTree = "<group>"; };
		5A8BB786268E17EA0072ED0B /* Assets.xcassets */ = {isa = PBXFileReference; lastKnownFileType = folder.assetcatalog; path = Assets.xcassets; sourceTree = "<group>"; };
		5A8BB789268E17EA0072ED0B /* Base */ = {isa = PBXFileReference; lastKnownFileType = file.storyboard; name = Base; path = Base.lproj/LaunchScreen.storyboard; sourceTree = "<group>"; };
		5A8BB78B268E17EA0072ED0B /* Info.plist */ = {isa = PBXFileReference; lastKnownFileType = text.plist.xml; path = Info.plist; sourceTree = "<group>"; };
/* End PBXFileReference section */

/* Begin PBXFrameworksBuildPhase section */
		5A8BB777268E17E70072ED0B /* Frameworks */ = {
			isa = PBXFrameworksBuildPhase;
			buildActionMask = 2147483647;
			files = (
			);
			runOnlyForDeploymentPostprocessing = 0;
		};
/* End PBXFrameworksBuildPhase section */

/* Begin PBXGroup section */
		5A1BA411269B6D4A00A09BBF /* MainScreen */ = {
			isa = PBXGroup;
			children = (
				5A1BA413269B6DE400A09BBF /* MainView.swift */,
				5A1BA415269B6E3900A09BBF /* MainPresenter.swift */,
				5A1BA417269B6E6E00A09BBF /* MainInteractor.swift */,
				5A1BA41F269B6EAE00A09BBF /* MainRouter.swift */,
			);
			path = MainScreen;
			sourceTree = "<group>";
		};
		5A1BA412269B6D5200A09BBF /* GameFieldScreen */ = {
			isa = PBXGroup;
			children = (
				5A1BA419269B6E8000A09BBF /* GameFieldView.swift */,
				5A1BA41B269B6E8A00A09BBF /* GameFieldPresenter.swift */,
				5A1BA41D269B6E9500A09BBF /* GameFieldInteractor.swift */,
			);
			path = GameFieldScreen;
			sourceTree = "<group>";
		};
		5A1BA421269B72B100A09BBF /* ScoreScreen */ = {
			isa = PBXGroup;
			children = (
			);
			path = ScoreScreen;
			sourceTree = "<group>";
		};
		5A629969269CA7F600963D98 /* Custom Views and Extension */ = {
			isa = PBXGroup;
			children = (
				5A1BA424269B749500A09BBF /* UIViewExt.swift */,
				5A62996A269CA86000963D98 /* CustonStartButton.swift */,
			);
			path = "Custom Views and Extension";
			sourceTree = "<group>";
		};
		5A8BB771268E17E70072ED0B = {
			isa = PBXGroup;
			children = (
				5A8BB77C268E17E70072ED0B /* CleanSwiftExample */,
				5A8BB77B268E17E70072ED0B /* Products */,
			);
			sourceTree = "<group>";
		};
		5A8BB77B268E17E70072ED0B /* Products */ = {
			isa = PBXGroup;
			children = (
				5A8BB77A268E17E70072ED0B /* CleanSwiftExample.app */,
			);
			name = Products;
			sourceTree = "<group>";
		};
		5A8BB77C268E17E70072ED0B /* CleanSwiftExample */ = {
			isa = PBXGroup;
			children = (
				5A8BB77D268E17E70072ED0B /* AppDelegate.swift */,
				5A8BB77F268E17E70072ED0B /* SceneDelegate.swift */,
				5A1BA422269B730200A09BBF /* Enums.swift */,
				5A629969269CA7F600963D98 /* Custom Views and Extension */,
				5A1BA411269B6D4A00A09BBF /* MainScreen */,
				5A1BA421269B72B100A09BBF /* ScoreScreen */,
				5A1BA412269B6D5200A09BBF /* GameFieldScreen */,
				5A8BB781268E17E70072ED0B /* ViewController.swift */,
				5A8BB786268E17EA0072ED0B /* Assets.xcassets */,
				5A8BB788268E17EA0072ED0B /* LaunchScreen.storyboard */,
				5A8BB78B268E17EA0072ED0B /* Info.plist */,
			);
			path = CleanSwiftExample;
			sourceTree = "<group>";
		};
/* End PBXGroup section */

/* Begin PBXNativeTarget section */
		5A8BB779268E17E70072ED0B /* CleanSwiftExample */ = {
			isa = PBXNativeTarget;
			buildConfigurationList = 5A8BB78E268E17EA0072ED0B /* Build configuration list for PBXNativeTarget "CleanSwiftExample" */;
			buildPhases = (
				5A8BB776268E17E70072ED0B /* Sources */,
				5A8BB777268E17E70072ED0B /* Frameworks */,
				5A8BB778268E17E70072ED0B /* Resources */,
			);
			buildRules = (
			);
			dependencies = (
			);
			name = CleanSwiftExample;
			productName = CleanSwiftExample;
			productReference = 5A8BB77A268E17E70072ED0B /* CleanSwiftExample.app */;
			productType = "com.apple.product-type.application";
		};
/* End PBXNativeTarget section */

/* Begin PBXProject section */
		5A8BB772268E17E70072ED0B /* Project object */ = {
			isa = PBXProject;
			attributes = {
				LastSwiftUpdateCheck = 1250;
				LastUpgradeCheck = 1250;
				TargetAttributes = {
					5A8BB779268E17E70072ED0B = {
						CreatedOnToolsVersion = 12.5;
					};
				};
			};
			buildConfigurationList = 5A8BB775268E17E70072ED0B /* Build configuration list for PBXProject "CleanSwiftExample" */;
			compatibilityVersion = "Xcode 9.3";
			developmentRegion = en;
			hasScannedForEncodings = 0;
			knownRegions = (
				en,
				Base,
			);
			mainGroup = 5A8BB771268E17E70072ED0B;
			productRefGroup = 5A8BB77B268E17E70072ED0B /* Products */;
			projectDirPath = "";
			projectRoot = "";
			targets = (
				5A8BB779268E17E70072ED0B /* CleanSwiftExample */,
			);
		};
/* End PBXProject section */

/* Begin PBXResourcesBuildPhase section */
		5A8BB778268E17E70072ED0B /* Resources */ = {
			isa = PBXResourcesBuildPhase;
			buildActionMask = 2147483647;
			files = (
				5A8BB78A268E17EA0072ED0B /* LaunchScreen.storyboard in Resources */,
				5A8BB787268E17EA0072ED0B /* Assets.xcassets in Resources */,
			);
			runOnlyForDeploymentPostprocessing = 0;
		};
/* End PBXResourcesBuildPhase section */

/* Begin PBXSourcesBuildPhase section */
		5A8BB776268E17E70072ED0B /* Sources */ = {
			isa = PBXSourcesBuildPhase;
			buildActionMask = 2147483647;
			files = (
				5A62996B269CA86000963D98 /* CustonStartButton.swift in Sources */,
				5A1BA425269B749500A09BBF /* UIViewExt.swift in Sources */,
				5A8BB782268E17E70072ED0B /* ViewController.swift in Sources */,
				5A1BA41C269B6E8A00A09BBF /* GameFieldPresenter.swift in Sources */,
				5A8BB77E268E17E70072ED0B /* AppDelegate.swift in Sources */,
				5A8BB780268E17E70072ED0B /* SceneDelegate.swift in Sources */,
				5A1BA41E269B6E9500A09BBF /* GameFieldInteractor.swift in Sources */,
				5A1BA420269B6EAE00A09BBF /* MainRouter.swift in Sources */,
				5A1BA41A269B6E8000A09BBF /* GameFieldView.swift in Sources */,
				5A1BA414269B6DE400A09BBF /* MainView.swift in Sources */,
				5A1BA416269B6E3900A09BBF /* MainPresenter.swift in Sources */,
				5A1BA418269B6E6E00A09BBF /* MainInteractor.swift in Sources */,
				5A1BA423269B730200A09BBF /* Enums.swift in Sources */,
			);
			runOnlyForDeploymentPostprocessing = 0;
		};
/* End PBXSourcesBuildPhase section */

/* Begin PBXVariantGroup section */
		5A8BB788268E17EA0072ED0B /* LaunchScreen.storyboard */ = {
			isa = PBXVariantGroup;
			children = (
				5A8BB789268E17EA0072ED0B /* Base */,
			);
			name = LaunchScreen.storyboard;
			sourceTree = "<group>";
		};
/* End PBXVariantGroup section */

/* Begin XCBuildConfiguration section */
		5A8BB78C268E17EA0072ED0B /* Debug */ = {
			isa = XCBuildConfiguration;
			buildSettings = {
				ALWAYS_SEARCH_USER_PATHS = NO;
				CLANG_ANALYZER_NONNULL = YES;
				CLANG_ANALYZER_NUMBER_OBJECT_CONVERSION = YES_AGGRESSIVE;
				CLANG_CXX_LANGUAGE_STANDARD = "gnu++14";
				CLANG_CXX_LIBRARY = "libc++";
				CLANG_ENABLE_MODULES = YES;
				CLANG_ENABLE_OBJC_ARC = YES;
				CLANG_ENABLE_OBJC_WEAK = YES;
				CLANG_WARN_BLOCK_CAPTURE_AUTORELEASING = YES;
				CLANG_WARN_BOOL_CONVERSION = YES;
				CLANG_WARN_COMMA = YES;
				CLANG_WARN_CONSTANT_CONVERSION = YES;
				CLANG_WARN_DEPRECATED_OBJC_IMPLEMENTATIONS = YES;
				CLANG_WARN_DIRECT_OBJC_ISA_USAGE = YES_ERROR;
				CLANG_WARN_DOCUMENTATION_COMMENTS = YES;
				CLANG_WARN_EMPTY_BODY = YES;
				CLANG_WARN_ENUM_CONVERSION = YES;
				CLANG_WARN_INFINITE_RECURSION = YES;
				CLANG_WARN_INT_CONVERSION = YES;
				CLANG_WARN_NON_LITERAL_NULL_CONVERSION = YES;
				CLANG_WARN_OBJC_IMPLICIT_RETAIN_SELF = YES;
				CLANG_WARN_OBJC_LITERAL_CONVERSION = YES;
				CLANG_WARN_OBJC_ROOT_CLASS = YES_ERROR;
				CLANG_WARN_QUOTED_INCLUDE_IN_FRAMEWORK_HEADER = YES;
				CLANG_WARN_RANGE_LOOP_ANALYSIS = YES;
				CLANG_WARN_STRICT_PROTOTYPES = YES;
				CLANG_WARN_SUSPICIOUS_MOVE = YES;
				CLANG_WARN_UNGUARDED_AVAILABILITY = YES_AGGRESSIVE;
				CLANG_WARN_UNREACHABLE_CODE = YES;
				CLANG_WARN__DUPLICATE_METHOD_MATCH = YES;
				COPY_PHASE_STRIP = NO;
				DEBUG_INFORMATION_FORMAT = dwarf;
				ENABLE_STRICT_OBJC_MSGSEND = YES;
				ENABLE_TESTABILITY = YES;
				GCC_C_LANGUAGE_STANDARD = gnu11;
				GCC_DYNAMIC_NO_PIC = NO;
				GCC_NO_COMMON_BLOCKS = YES;
				GCC_OPTIMIZATION_LEVEL = 0;
				GCC_PREPROCESSOR_DEFINITIONS = (
					"DEBUG=1",
					"$(inherited)",
				);
				GCC_WARN_64_TO_32_BIT_CONVERSION = YES;
				GCC_WARN_ABOUT_RETURN_TYPE = YES_ERROR;
				GCC_WARN_UNDECLARED_SELECTOR = YES;
				GCC_WARN_UNINITIALIZED_AUTOS = YES_AGGRESSIVE;
				GCC_WARN_UNUSED_FUNCTION = YES;
				GCC_WARN_UNUSED_VARIABLE = YES;
				IPHONEOS_DEPLOYMENT_TARGET = 14.5;
				MTL_ENABLE_DEBUG_INFO = INCLUDE_SOURCE;
				MTL_FAST_MATH = YES;
				ONLY_ACTIVE_ARCH = YES;
				SDKROOT = iphoneos;
				SWIFT_ACTIVE_COMPILATION_CONDITIONS = DEBUG;
				SWIFT_OPTIMIZATION_LEVEL = "-Onone";
			};
			name = Debug;
		};
		5A8BB78D268E17EA0072ED0B /* Release */ = {
			isa = XCBuildConfiguration;
			buildSettings = {
				ALWAYS_SEARCH_USER_PATHS = NO;
				CLANG_ANALYZER_NONNULL = YES;
				CLANG_ANALYZER_NUMBER_OBJECT_CONVERSION = YES_AGGRESSIVE;
				CLANG_CXX_LANGUAGE_STANDARD = "gnu++14";
				CLANG_CXX_LIBRARY = "libc++";
				CLANG_ENABLE_MODULES = YES;
				CLANG_ENABLE_OBJC_ARC = YES;
				CLANG_ENABLE_OBJC_WEAK = YES;
				CLANG_WARN_BLOCK_CAPTURE_AUTORELEASING = YES;
				CLANG_WARN_BOOL_CONVERSION = YES;
				CLANG_WARN_COMMA = YES;
				CLANG_WARN_CONSTANT_CONVERSION = YES;
				CLANG_WARN_DEPRECATED_OBJC_IMPLEMENTATIONS = YES;
				CLANG_WARN_DIRECT_OBJC_ISA_USAGE = YES_ERROR;
				CLANG_WARN_DOCUMENTATION_COMMENTS = YES;
				CLANG_WARN_EMPTY_BODY = YES;
				CLANG_WARN_ENUM_CONVERSION = YES;
				CLANG_WARN_INFINITE_RECURSION = YES;
				CLANG_WARN_INT_CONVERSION = YES;
				CLANG_WARN_NON_LITERAL_NULL_CONVERSION = YES;
				CLANG_WARN_OBJC_IMPLICIT_RETAIN_SELF = YES;
				CLANG_WARN_OBJC_LITERAL_CONVERSION = YES;
				CLANG_WARN_OBJC_ROOT_CLASS = YES_ERROR;
				CLANG_WARN_QUOTED_INCLUDE_IN_FRAMEWORK_HEADER = YES;
				CLANG_WARN_RANGE_LOOP_ANALYSIS = YES;
				CLANG_WARN_STRICT_PROTOTYPES = YES;
				CLANG_WARN_SUSPICIOUS_MOVE = YES;
				CLANG_WARN_UNGUARDED_AVAILABILITY = YES_AGGRESSIVE;
				CLANG_WARN_UNREACHABLE_CODE = YES;
				CLANG_WARN__DUPLICATE_METHOD_MATCH = YES;
				COPY_PHASE_STRIP = NO;
				DEBUG_INFORMATION_FORMAT = "dwarf-with-dsym";
				ENABLE_NS_ASSERTIONS = NO;
				ENABLE_STRICT_OBJC_MSGSEND = YES;
				GCC_C_LANGUAGE_STANDARD = gnu11;
				GCC_NO_COMMON_BLOCKS = YES;
				GCC_WARN_64_TO_32_BIT_CONVERSION = YES;
				GCC_WARN_ABOUT_RETURN_TYPE = YES_ERROR;
				GCC_WARN_UNDECLARED_SELECTOR = YES;
				GCC_WARN_UNINITIALIZED_AUTOS = YES_AGGRESSIVE;
				GCC_WARN_UNUSED_FUNCTION = YES;
				GCC_WARN_UNUSED_VARIABLE = YES;
				IPHONEOS_DEPLOYMENT_TARGET = 14.5;
				MTL_ENABLE_DEBUG_INFO = NO;
				MTL_FAST_MATH = YES;
				SDKROOT = iphoneos;
				SWIFT_COMPILATION_MODE = wholemodule;
				SWIFT_OPTIMIZATION_LEVEL = "-O";
				VALIDATE_PRODUCT = YES;
			};
			name = Release;
		};
		5A8BB78F268E17EA0072ED0B /* Debug */ = {
			isa = XCBuildConfiguration;
			buildSettings = {
				ASSETCATALOG_COMPILER_APPICON_NAME = AppIcon;
				ASSETCATALOG_COMPILER_GLOBAL_ACCENT_COLOR_NAME = AccentColor;
				CODE_SIGN_STYLE = Automatic;
				DEVELOPMENT_TEAM = ALVSY66ULS;
				INFOPLIST_FILE = CleanSwiftExample/Info.plist;
				LD_RUNPATH_SEARCH_PATHS = (
					"$(inherited)",
					"@executable_path/Frameworks",
				);
				PRODUCT_BUNDLE_IDENTIFIER = sdk.CleanSwiftExample;
				PRODUCT_NAME = "$(TARGET_NAME)";
				SWIFT_VERSION = 5.0;
				TARGETED_DEVICE_FAMILY = "1,2";
			};
			name = Debug;
		};
		5A8BB790268E17EA0072ED0B /* Release */ = {
			isa = XCBuildConfiguration;
			buildSettings = {
				ASSETCATALOG_COMPILER_APPICON_NAME = AppIcon;
				ASSETCATALOG_COMPILER_GLOBAL_ACCENT_COLOR_NAME = AccentColor;
				CODE_SIGN_STYLE = Automatic;
				DEVELOPMENT_TEAM = ALVSY66ULS;
				INFOPLIST_FILE = CleanSwiftExample/Info.plist;
				LD_RUNPATH_SEARCH_PATHS = (
					"$(inherited)",
					"@executable_path/Frameworks",
				);
				PRODUCT_BUNDLE_IDENTIFIER = sdk.CleanSwiftExample;
				PRODUCT_NAME = "$(TARGET_NAME)";
				SWIFT_VERSION = 5.0;
				TARGETED_DEVICE_FAMILY = "1,2";
			};
			name = Release;
		};
/* End XCBuildConfiguration section */

/* Begin XCConfigurationList section */
		5A8BB775268E17E70072ED0B /* Build configuration list for PBXProject "CleanSwiftExample" */ = {
			isa = XCConfigurationList;
			buildConfigurations = (
				5A8BB78C268E17EA0072ED0B /* Debug */,
				5A8BB78D268E17EA0072ED0B /* Release */,
			);
			defaultConfigurationIsVisible = 0;
			defaultConfigurationName = Release;
		};
		5A8BB78E268E17EA0072ED0B /* Build configuration list for PBXNativeTarget "CleanSwiftExample" */ = {
			isa = XCConfigurationList;
			buildConfigurations = (
				5A8BB78F268E17EA0072ED0B /* Debug */,
				5A8BB790268E17EA0072ED0B /* Release */,
			);
			defaultConfigurationIsVisible = 0;
			defaultConfigurationName = Release;
		};
/* End XCConfigurationList section */
	};
	rootObject = 5A8BB772268E17E70072ED0B /* Project object */;
}
