// !$*UTF8*$!
{
	archiveVersion = 1;
	classes = {
	};
	objectVersion = 50;
	objects = {

/* Begin PBXBuildFile section */
		5A1B7FBB269F5A630012C7F7 /* CoreData.xcdatamodeld in Sources */ = {isa = PBXBuildFile; fileRef = 5A1B7FB9269F5A620012C7F7 /* CoreData.xcdatamodeld */; };
		5A1B7FBE269F5B1F0012C7F7 /* CoreDataWorker.swift in Sources */ = {isa = PBXBuildFile; fileRef = 5A1B7FBD269F5B1F0012C7F7 /* CoreDataWorker.swift */; };
		5A1B7FC1269F5E800012C7F7 /* Scores+CoreDataClass.swift in Sources */ = {isa = PBXBuildFile; fileRef = 5A1B7FBF269F5E800012C7F7 /* Scores+CoreDataClass.swift */; };
		5A1B7FC2269F5E800012C7F7 /* Scores+CoreDataProperties.swift in Sources */ = {isa = PBXBuildFile; fileRef = 5A1B7FC0269F5E800012C7F7 /* Scores+CoreDataProperties.swift */; };
		5A1BA414269B6DE400A09BBF /* MainView.swift in Sources */ = {isa = PBXBuildFile; fileRef = 5A1BA413269B6DE400A09BBF /* MainView.swift */; };
		5A1BA416269B6E3900A09BBF /* MainPresenter.swift in Sources */ = {isa = PBXBuildFile; fileRef = 5A1BA415269B6E3900A09BBF /* MainPresenter.swift */; };
		5A1BA418269B6E6E00A09BBF /* MainInteractor.swift in Sources */ = {isa = PBXBuildFile; fileRef = 5A1BA417269B6E6E00A09BBF /* MainInteractor.swift */; };
		5A1BA41A269B6E8000A09BBF /* GameFieldView.swift in Sources */ = {isa = PBXBuildFile; fileRef = 5A1BA419269B6E8000A09BBF /* GameFieldView.swift */; };
		5A1BA41C269B6E8A00A09BBF /* GameFieldPresenter.swift in Sources */ = {isa = PBXBuildFile; fileRef = 5A1BA41B269B6E8A00A09BBF /* GameFieldPresenter.swift */; };
		5A1BA41E269B6E9500A09BBF /* GameFieldInteractor.swift in Sources */ = {isa = PBXBuildFile; fileRef = 5A1BA41D269B6E9500A09BBF /* GameFieldInteractor.swift */; };
		5A1BA420269B6EAE00A09BBF /* MainRouter.swift in Sources */ = {isa = PBXBuildFile; fileRef = 5A1BA41F269B6EAE00A09BBF /* MainRouter.swift */; };
		5A1BA423269B730200A09BBF /* Enums.swift in Sources */ = {isa = PBXBuildFile; fileRef = 5A1BA422269B730200A09BBF /* Enums.swift */; };
		5A1BA425269B749500A09BBF /* UIViewExt.swift in Sources */ = {isa = PBXBuildFile; fileRef = 5A1BA424269B749500A09BBF /* UIViewExt.swift */; };
		5A62996B269CA86000963D98 /* CustonStartButton.swift in Sources */ = {isa = PBXBuildFile; fileRef = 5A62996A269CA86000963D98 /* CustonStartButton.swift */; };
		5A62996E269DB6BE00963D98 /* TabBarRouter.swift in Sources */ = {isa = PBXBuildFile; fileRef = 5A62996D269DB6BE00963D98 /* TabBarRouter.swift */; };
		5A629971269DB8CC00963D98 /* NavigationControllerRouter.swift in Sources */ = {isa = PBXBuildFile; fileRef = 5A629970269DB8CC00963D98 /* NavigationControllerRouter.swift */; };
		5A629975269DBA3600963D98 /* ProjectAssembler.swift in Sources */ = {isa = PBXBuildFile; fileRef = 5A629974269DBA3600963D98 /* ProjectAssembler.swift */; };
		5A629977269DBD6600963D98 /* ScoreView.swift in Sources */ = {isa = PBXBuildFile; fileRef = 5A629976269DBD6600963D98 /* ScoreView.swift */; };
		5A629979269DBF9000963D98 /* MainAssambler.swift in Sources */ = {isa = PBXBuildFile; fileRef = 5A629978269DBF9000963D98 /* MainAssambler.swift */; };
		5A62997B269DC00F00963D98 /* ScoreAssambler.swift in Sources */ = {isa = PBXBuildFile; fileRef = 5A62997A269DC00F00963D98 /* ScoreAssambler.swift */; };
		5A62997D269DC04B00963D98 /* ScorePresenter.swift in Sources */ = {isa = PBXBuildFile; fileRef = 5A62997C269DC04B00963D98 /* ScorePresenter.swift */; };
		5A62997F269DC05500963D98 /* ScoreInteractor.swift in Sources */ = {isa = PBXBuildFile; fileRef = 5A62997E269DC05500963D98 /* ScoreInteractor.swift */; };
		5A629981269DC06000963D98 /* ScoreRouter.swift in Sources */ = {isa = PBXBuildFile; fileRef = 5A629980269DC06000963D98 /* ScoreRouter.swift */; };
		5A629983269DDA4100963D98 /* MainModel.swift in Sources */ = {isa = PBXBuildFile; fileRef = 5A629982269DDA4100963D98 /* MainModel.swift */; };
		5A629985269DDA6300963D98 /* ScoreModel.swift in Sources */ = {isa = PBXBuildFile; fileRef = 5A629984269DDA6300963D98 /* ScoreModel.swift */; };
		5A8BB77E268E17E70072ED0B /* AppDelegate.swift in Sources */ = {isa = PBXBuildFile; fileRef = 5A8BB77D268E17E70072ED0B /* AppDelegate.swift */; };
		5A8BB780268E17E70072ED0B /* SceneDelegate.swift in Sources */ = {isa = PBXBuildFile; fileRef = 5A8BB77F268E17E70072ED0B /* SceneDelegate.swift */; };
		5A8BB787268E17EA0072ED0B /* Assets.xcassets in Resources */ = {isa = PBXBuildFile; fileRef = 5A8BB786268E17EA0072ED0B /* Assets.xcassets */; };
		5A8BB78A268E17EA0072ED0B /* LaunchScreen.storyboard in Resources */ = {isa = PBXBuildFile; fileRef = 5A8BB788268E17EA0072ED0B /* LaunchScreen.storyboard */; };
		5A9628E826A4C03800198732 /* GameFieldRouter.swift in Sources */ = {isa = PBXBuildFile; fileRef = 5A9628E726A4C03800198732 /* GameFieldRouter.swift */; };
		5A9628EA26A4C04500198732 /* GameFieldAssambler.swift in Sources */ = {isa = PBXBuildFile; fileRef = 5A9628E926A4C04500198732 /* GameFieldAssambler.swift */; };
		5A9628EC26A4C04C00198732 /* GameFieldModel.swift in Sources */ = {isa = PBXBuildFile; fileRef = 5A9628EB26A4C04C00198732 /* GameFieldModel.swift */; };
/* End PBXBuildFile section */

/* Begin PBXFileReference section */
		5A1B7FBA269F5A630012C7F7 /* ScoreData.xcdatamodel */ = {isa = PBXFileReference; lastKnownFileType = wrapper.xcdatamodel; path = ScoreData.xcdatamodel; sourceTree = "<group>"; };
		5A1B7FBD269F5B1F0012C7F7 /* CoreDataWorker.swift */ = {isa = PBXFileReference; lastKnownFileType = sourcecode.swift; path = CoreDataWorker.swift; sourceTree = "<group>"; };
		5A1B7FBF269F5E800012C7F7 /* Scores+CoreDataClass.swift */ = {isa = PBXFileReference; lastKnownFileType = sourcecode.swift; path = "Scores+CoreDataClass.swift"; sourceTree = "<group>"; };
		5A1B7FC0269F5E800012C7F7 /* Scores+CoreDataProperties.swift */ = {isa = PBXFileReference; lastKnownFileType = sourcecode.swift; path = "Scores+CoreDataProperties.swift"; sourceTree = "<group>"; };
		5A1BA413269B6DE400A09BBF /* MainView.swift */ = {isa = PBXFileReference; lastKnownFileType = sourcecode.swift; path = MainView.swift; sourceTree = "<group>"; };
		5A1BA415269B6E3900A09BBF /* MainPresenter.swift */ = {isa = PBXFileReference; lastKnownFileType = sourcecode.swift; path = MainPresenter.swift; sourceTree = "<group>"; };
		5A1BA417269B6E6E00A09BBF /* MainInteractor.swift */ = {isa = PBXFileReference; lastKnownFileType = sourcecode.swift; path = MainInteractor.swift; sourceTree = "<group>"; };
		5A1BA419269B6E8000A09BBF /* GameFieldView.swift */ = {isa = PBXFileReference; lastKnownFileType = sourcecode.swift; path = GameFieldView.swift; sourceTree = "<group>"; };
		5A1BA41B269B6E8A00A09BBF /* GameFieldPresenter.swift */ = {isa = PBXFileReference; lastKnownFileType = sourcecode.swift; path = GameFieldPresenter.swift; sourceTree = "<group>"; };
		5A1BA41D269B6E9500A09BBF /* GameFieldInteractor.swift */ = {isa = PBXFileReference; lastKnownFileType = sourcecode.swift; path = GameFieldInteractor.swift; sourceTree = "<group>"; };
		5A1BA41F269B6EAE00A09BBF /* MainRouter.swift */ = {isa = PBXFileReference; lastKnownFileType = sourcecode.swift; path = MainRouter.swift; sourceTree = "<group>"; };
		5A1BA422269B730200A09BBF /* Enums.swift */ = {isa = PBXFileReference; lastKnownFileType = sourcecode.swift; path = Enums.swift; sourceTree = "<group>"; };
		5A1BA424269B749500A09BBF /* UIViewExt.swift */ = {isa = PBXFileReference; lastKnownFileType = sourcecode.swift; path = UIViewExt.swift; sourceTree = "<group>"; };
		5A62996A269CA86000963D98 /* CustonStartButton.swift */ = {isa = PBXFileReference; lastKnownFileType = sourcecode.swift; path = CustonStartButton.swift; sourceTree = "<group>"; };
		5A62996D269DB6BE00963D98 /* TabBarRouter.swift */ = {isa = PBXFileReference; lastKnownFileType = sourcecode.swift; path = TabBarRouter.swift; sourceTree = "<group>"; };
		5A629970269DB8CC00963D98 /* NavigationControllerRouter.swift */ = {isa = PBXFileReference; lastKnownFileType = sourcecode.swift; path = NavigationControllerRouter.swift; sourceTree = "<group>"; };
		5A629974269DBA3600963D98 /* ProjectAssembler.swift */ = {isa = PBXFileReference; lastKnownFileType = sourcecode.swift; path = ProjectAssembler.swift; sourceTree = "<group>"; };
		5A629976269DBD6600963D98 /* ScoreView.swift */ = {isa = PBXFileReference; lastKnownFileType = sourcecode.swift; path = ScoreView.swift; sourceTree = "<group>"; };
		5A629978269DBF9000963D98 /* MainAssambler.swift */ = {isa = PBXFileReference; lastKnownFileType = sourcecode.swift; path = MainAssambler.swift; sourceTree = "<group>"; };
		5A62997A269DC00F00963D98 /* ScoreAssambler.swift */ = {isa = PBXFileReference; lastKnownFileType = sourcecode.swift; path = ScoreAssambler.swift; sourceTree = "<group>"; };
		5A62997C269DC04B00963D98 /* ScorePresenter.swift */ = {isa = PBXFileReference; lastKnownFileType = sourcecode.swift; path = ScorePresenter.swift; sourceTree = "<group>"; };
		5A62997E269DC05500963D98 /* ScoreInteractor.swift */ = {isa = PBXFileReference; lastKnownFileType = sourcecode.swift; path = ScoreInteractor.swift; sourceTree = "<group>"; };
		5A629980269DC06000963D98 /* ScoreRouter.swift */ = {isa = PBXFileReference; lastKnownFileType = sourcecode.swift; path = ScoreRouter.swift; sourceTree = "<group>"; };
		5A629982269DDA4100963D98 /* MainModel.swift */ = {isa = PBXFileReference; lastKnownFileType = sourcecode.swift; path = MainModel.swift; sourceTree = "<group>"; };
		5A629984269DDA6300963D98 /* ScoreModel.swift */ = {isa = PBXFileReference; lastKnownFileType = sourcecode.swift; path = ScoreModel.swift; sourceTree = "<group>"; };
		5A8BB77A268E17E70072ED0B /* CleanSwiftExample.app */ = {isa = PBXFileReference; explicitFileType = wrapper.application; includeInIndex = 0; path = CleanSwiftExample.app; sourceTree = BUILT_PRODUCTS_DIR; };
		5A8BB77D268E17E70072ED0B /* AppDelegate.swift */ = {isa = PBXFileReference; lastKnownFileType = sourcecode.swift; path = AppDelegate.swift; sourceTree = "<group>"; };
		5A8BB77F268E17E70072ED0B /* SceneDelegate.swift */ = {isa = PBXFileReference; lastKnownFileType = sourcecode.swift; path = SceneDelegate.swift; sourceTree = "<group>"; };
		5A8BB786268E17EA0072ED0B /* Assets.xcassets */ = {isa = PBXFileReference; lastKnownFileType = folder.assetcatalog; path = Assets.xcassets; sourceTree = "<group>"; };
		5A8BB789268E17EA0072ED0B /* Base */ = {isa = PBXFileReference; lastKnownFileType = file.storyboard; name = Base; path = Base.lproj/LaunchScreen.storyboard; sourceTree = "<group>"; };
		5A8BB78B268E17EA0072ED0B /* Info.plist */ = {isa = PBXFileReference; lastKnownFileType = text.plist.xml; path = Info.plist; sourceTree = "<group>"; };
		5A9628E726A4C03800198732 /* GameFieldRouter.swift */ = {isa = PBXFileReference; lastKnownFileType = sourcecode.swift; path = GameFieldRouter.swift; sourceTree = "<group>"; };
		5A9628E926A4C04500198732 /* GameFieldAssambler.swift */ = {isa = PBXFileReference; lastKnownFileType = sourcecode.swift; path = GameFieldAssambler.swift; sourceTree = "<group>"; };
		5A9628EB26A4C04C00198732 /* GameFieldModel.swift */ = {isa = PBXFileReference; lastKnownFileType = sourcecode.swift; path = GameFieldModel.swift; sourceTree = "<group>"; };
/* End PBXFileReference section */

/* Begin PBXFrameworksBuildPhase section */
		5A8BB777268E17E70072ED0B /* Frameworks */ = {
			isa = PBXFrameworksBuildPhase;
			buildActionMask = 2147483647;
			files = (
			);
			runOnlyForDeploymentPostprocessing = 0;
		};
/* End PBXFrameworksBuildPhase section */

/* Begin PBXGroup section */
		5A1B7FBC269F5A7C0012C7F7 /* Workers */ = {
			isa = PBXGroup;
			children = (
				5A1B7FC3269F5E860012C7F7 /* CoreData */,
				5A1B7FBD269F5B1F0012C7F7 /* CoreDataWorker.swift */,
			);
			path = Workers;
			sourceTree = "<group>";
		};
		5A1B7FC3269F5E860012C7F7 /* CoreData */ = {
			isa = PBXGroup;
			children = (
				5A1B7FC4269F5E960012C7F7 /* Scores */,
				5A1B7FB9269F5A620012C7F7 /* CoreData.xcdatamodeld */,
			);
			path = CoreData;
			sourceTree = "<group>";
		};
		5A1B7FC4269F5E960012C7F7 /* Scores */ = {
			isa = PBXGroup;
			children = (
				5A1B7FBF269F5E800012C7F7 /* Scores+CoreDataClass.swift */,
				5A1B7FC0269F5E800012C7F7 /* Scores+CoreDataProperties.swift */,
			);
			path = Scores;
			sourceTree = "<group>";
		};
		5A1BA411269B6D4A00A09BBF /* MainScreen */ = {
			isa = PBXGroup;
			children = (
				5A1BA413269B6DE400A09BBF /* MainView.swift */,
				5A1BA417269B6E6E00A09BBF /* MainInteractor.swift */,
				5A1BA415269B6E3900A09BBF /* MainPresenter.swift */,
				5A1BA41F269B6EAE00A09BBF /* MainRouter.swift */,
				5A629978269DBF9000963D98 /* MainAssambler.swift */,
				5A629982269DDA4100963D98 /* MainModel.swift */,
			);
			path = MainScreen;
			sourceTree = "<group>";
		};
		5A1BA412269B6D5200A09BBF /* GameFieldScreen */ = {
			isa = PBXGroup;
			children = (
				5A1BA419269B6E8000A09BBF /* GameFieldView.swift */,
				5A1BA41D269B6E9500A09BBF /* GameFieldInteractor.swift */,
				5A1BA41B269B6E8A00A09BBF /* GameFieldPresenter.swift */,
				5A9628E726A4C03800198732 /* GameFieldRouter.swift */,
				5A9628E926A4C04500198732 /* GameFieldAssambler.swift */,
				5A9628EB26A4C04C00198732 /* GameFieldModel.swift */,
			);
			path = GameFieldScreen;
			sourceTree = "<group>";
		};
		5A1BA421269B72B100A09BBF /* ScoreScreen */ = {
			isa = PBXGroup;
			children = (
				5A629976269DBD6600963D98 /* ScoreView.swift */,
				5A62997E269DC05500963D98 /* ScoreInteractor.swift */,
				5A62997C269DC04B00963D98 /* ScorePresenter.swift */,
				5A629980269DC06000963D98 /* ScoreRouter.swift */,
				5A62997A269DC00F00963D98 /* ScoreAssambler.swift */,
				5A629984269DDA6300963D98 /* ScoreModel.swift */,
			);
			path = ScoreScreen;
			sourceTree = "<group>";
		};
		5A629969269CA7F600963D98 /* CustomViewsAndExtension */ = {
			isa = PBXGroup;
			children = (
				5A96290E26A4D32100198732 /* CustomView */,
				5A96290F26A4D33300198732 /* Extension */,
			);
			path = CustomViewsAndExtension;
			sourceTree = "<group>";
		};
		5A62996C269DB68A00963D98 /* TabBar */ = {
			isa = PBXGroup;
			children = (
				5A62996D269DB6BE00963D98 /* TabBarRouter.swift */,
			);
			path = TabBar;
			sourceTree = "<group>";
		};
		5A62996F269DB8AE00963D98 /* NavigationController */ = {
			isa = PBXGroup;
			children = (
				5A629970269DB8CC00963D98 /* NavigationControllerRouter.swift */,
			);
			path = NavigationController;
			sourceTree = "<group>";
		};
		5A8BB771268E17E70072ED0B = {
			isa = PBXGroup;
			children = (
				5A8BB77C268E17E70072ED0B /* CleanSwiftExample */,
				5A8BB77B268E17E70072ED0B /* Products */,
			);
			sourceTree = "<group>";
		};
		5A8BB77B268E17E70072ED0B /* Products */ = {
			isa = PBXGroup;
			children = (
				5A8BB77A268E17E70072ED0B /* CleanSwiftExample.app */,
			);
			name = Products;
			sourceTree = "<group>";
		};
		5A8BB77C268E17E70072ED0B /* CleanSwiftExample */ = {
			isa = PBXGroup;
			children = (
				5A8BB77D268E17E70072ED0B /* AppDelegate.swift */,
				5A8BB77F268E17E70072ED0B /* SceneDelegate.swift */,
				5A1BA422269B730200A09BBF /* Enums.swift */,
				5A629974269DBA3600963D98 /* ProjectAssembler.swift */,
				5A1B7FBC269F5A7C0012C7F7 /* Workers */,
				5A62996C269DB68A00963D98 /* TabBar */,
				5A62996F269DB8AE00963D98 /* NavigationController */,
				5A629969269CA7F600963D98 /* CustomViewsAndExtension */,
				5A96291026A4E4E800198732 /* Screens */,
				5A8BB786268E17EA0072ED0B /* Assets.xcassets */,
				5A8BB788268E17EA0072ED0B /* LaunchScreen.storyboard */,
				5A8BB78B268E17EA0072ED0B /* Info.plist */,
			);
			path = CleanSwiftExample;
			sourceTree = "<group>";
		};
		5A96290E26A4D32100198732 /* CustomView */ = {
			isa = PBXGroup;
			children = (
				5A62996A269CA86000963D98 /* CustonStartButton.swift */,
			);
			path = CustomView;
			sourceTree = "<group>";
		};
		5A96290F26A4D33300198732 /* Extension */ = {
			isa = PBXGroup;
			children = (
				5A1BA424269B749500A09BBF /* UIViewExt.swift */,
			);
			path = Extension;
			sourceTree = "<group>";
		};
		5A96291026A4E4E800198732 /* Screens */ = {
			isa = PBXGroup;
			children = (
				5A1BA411269B6D4A00A09BBF /* MainScreen */,
				5A1BA412269B6D5200A09BBF /* GameFieldScreen */,
				5A1BA421269B72B100A09BBF /* ScoreScreen */,
			);
			path = Screens;
			sourceTree = "<group>";
		};
/* End PBXGroup section */

/* Begin PBXNativeTarget section */
		5A8BB779268E17E70072ED0B /* CleanSwiftExample */ = {
			isa = PBXNativeTarget;
			buildConfigurationList = 5A8BB78E268E17EA0072ED0B /* Build configuration list for PBXNativeTarget "CleanSwiftExample" */;
			buildPhases = (
				5A8BB776268E17E70072ED0B /* Sources */,
				5A8BB777268E17E70072ED0B /* Frameworks */,
				5A8BB778268E17E70072ED0B /* Resources */,
			);
			buildRules = (
			);
			dependencies = (
			);
			name = CleanSwiftExample;
			productName = CleanSwiftExample;
			productReference = 5A8BB77A268E17E70072ED0B /* CleanSwiftExample.app */;
			productType = "com.apple.product-type.application";
		};
/* End PBXNativeTarget section */

/* Begin PBXProject section */
		5A8BB772268E17E70072ED0B /* Project object */ = {
			isa = PBXProject;
			attributes = {
				LastSwiftUpdateCheck = 1250;
				LastUpgradeCheck = 1250;
				TargetAttributes = {
					5A8BB779268E17E70072ED0B = {
						CreatedOnToolsVersion = 12.5;
					};
				};
			};
			buildConfigurationList = 5A8BB775268E17E70072ED0B /* Build configuration list for PBXProject "CleanSwiftExample" */;
			compatibilityVersion = "Xcode 9.3";
			developmentRegion = en;
			hasScannedForEncodings = 0;
			knownRegions = (
				en,
				Base,
			);
			mainGroup = 5A8BB771268E17E70072ED0B;
			productRefGroup = 5A8BB77B268E17E70072ED0B /* Products */;
			projectDirPath = "";
			projectRoot = "";
			targets = (
				5A8BB779268E17E70072ED0B /* CleanSwiftExample */,
			);
		};
/* End PBXProject section */

/* Begin PBXResourcesBuildPhase section */
		5A8BB778268E17E70072ED0B /* Resources */ = {
			isa = PBXResourcesBuildPhase;
			buildActionMask = 2147483647;
			files = (
				5A8BB78A268E17EA0072ED0B /* LaunchScreen.storyboard in Resources */,
				5A8BB787268E17EA0072ED0B /* Assets.xcassets in Resources */,
			);
			runOnlyForDeploymentPostprocessing = 0;
		};
/* End PBXResourcesBuildPhase section */

/* Begin PBXSourcesBuildPhase section */
		5A8BB776268E17E70072ED0B /* Sources */ = {
			isa = PBXSourcesBuildPhase;
			buildActionMask = 2147483647;
			files = (
				5A629985269DDA6300963D98 /* ScoreModel.swift in Sources */,
				5A62996B269CA86000963D98 /* CustonStartButton.swift in Sources */,
				5A62997F269DC05500963D98 /* ScoreInteractor.swift in Sources */,
				5A9628E826A4C03800198732 /* GameFieldRouter.swift in Sources */,
				5A1BA425269B749500A09BBF /* UIViewExt.swift in Sources */,
				5A1B7FC1269F5E800012C7F7 /* Scores+CoreDataClass.swift in Sources */,
				5A629977269DBD6600963D98 /* ScoreView.swift in Sources */,
				5A1BA41C269B6E8A00A09BBF /* GameFieldPresenter.swift in Sources */,
				5A8BB77E268E17E70072ED0B /* AppDelegate.swift in Sources */,
				5A1B7FBE269F5B1F0012C7F7 /* CoreDataWorker.swift in Sources */,
				5A1B7FBB269F5A630012C7F7 /* CoreData.xcdatamodeld in Sources */,
				5A8BB780268E17E70072ED0B /* SceneDelegate.swift in Sources */,
				5A1B7FC2269F5E800012C7F7 /* Scores+CoreDataProperties.swift in Sources */,
				5A62997D269DC04B00963D98 /* ScorePresenter.swift in Sources */,
				5A9628EA26A4C04500198732 /* GameFieldAssambler.swift in Sources */,
				5A629975269DBA3600963D98 /* ProjectAssembler.swift in Sources */,
				5A1BA41E269B6E9500A09BBF /* GameFieldInteractor.swift in Sources */,
				5A1BA420269B6EAE00A09BBF /* MainRouter.swift in Sources */,
				5A1BA41A269B6E8000A09BBF /* GameFieldView.swift in Sources */,
				5A629983269DDA4100963D98 /* MainModel.swift in Sources */,
				5A1BA414269B6DE400A09BBF /* MainView.swift in Sources */,
				5A1BA416269B6E3900A09BBF /* MainPresenter.swift in Sources */,
				5A1BA418269B6E6E00A09BBF /* MainInteractor.swift in Sources */,
				5A629971269DB8CC00963D98 /* NavigationControllerRouter.swift in Sources */,
				5A629981269DC06000963D98 /* ScoreRouter.swift in Sources */,
				5A629979269DBF9000963D98 /* MainAssambler.swift in Sources */,
				5A1BA423269B730200A09BBF /* Enums.swift in Sources */,
				5A62997B269DC00F00963D98 /* ScoreAssambler.swift in Sources */,
				5A9628EC26A4C04C00198732 /* GameFieldModel.swift in Sources */,
				5A62996E269DB6BE00963D98 /* TabBarRouter.swift in Sources */,
			);
			runOnlyForDeploymentPostprocessing = 0;
		};
/* End PBXSourcesBuildPhase section */

/* Begin PBXVariantGroup section */
		5A8BB788268E17EA0072ED0B /* LaunchScreen.storyboard */ = {
			isa = PBXVariantGroup;
			children = (
				5A8BB789268E17EA0072ED0B /* Base */,
			);
			name = LaunchScreen.storyboard;
			sourceTree = "<group>";
		};
/* End PBXVariantGroup section */

/* Begin XCBuildConfiguration section */
		5A8BB78C268E17EA0072ED0B /* Debug */ = {
			isa = XCBuildConfiguration;
			buildSettings = {
				ALWAYS_SEARCH_USER_PATHS = NO;
				CLANG_ANALYZER_NONNULL = YES;
				CLANG_ANALYZER_NUMBER_OBJECT_CONVERSION = YES_AGGRESSIVE;
				CLANG_CXX_LANGUAGE_STANDARD = "gnu++14";
				CLANG_CXX_LIBRARY = "libc++";
				CLANG_ENABLE_MODULES = YES;
				CLANG_ENABLE_OBJC_ARC = YES;
				CLANG_ENABLE_OBJC_WEAK = YES;
				CLANG_WARN_BLOCK_CAPTURE_AUTORELEASING = YES;
				CLANG_WARN_BOOL_CONVERSION = YES;
				CLANG_WARN_COMMA = YES;
				CLANG_WARN_CONSTANT_CONVERSION = YES;
				CLANG_WARN_DEPRECATED_OBJC_IMPLEMENTATIONS = YES;
				CLANG_WARN_DIRECT_OBJC_ISA_USAGE = YES_ERROR;
				CLANG_WARN_DOCUMENTATION_COMMENTS = YES;
				CLANG_WARN_EMPTY_BODY = YES;
				CLANG_WARN_ENUM_CONVERSION = YES;
				CLANG_WARN_INFINITE_RECURSION = YES;
				CLANG_WARN_INT_CONVERSION = YES;
				CLANG_WARN_NON_LITERAL_NULL_CONVERSION = YES;
				CLANG_WARN_OBJC_IMPLICIT_RETAIN_SELF = YES;
				CLANG_WARN_OBJC_LITERAL_CONVERSION = YES;
				CLANG_WARN_OBJC_ROOT_CLASS = YES_ERROR;
				CLANG_WARN_QUOTED_INCLUDE_IN_FRAMEWORK_HEADER = YES;
				CLANG_WARN_RANGE_LOOP_ANALYSIS = YES;
				CLANG_WARN_STRICT_PROTOTYPES = YES;
				CLANG_WARN_SUSPICIOUS_MOVE = YES;
				CLANG_WARN_UNGUARDED_AVAILABILITY = YES_AGGRESSIVE;
				CLANG_WARN_UNREACHABLE_CODE = YES;
				CLANG_WARN__DUPLICATE_METHOD_MATCH = YES;
				COPY_PHASE_STRIP = NO;
				DEBUG_INFORMATION_FORMAT = dwarf;
				ENABLE_STRICT_OBJC_MSGSEND = YES;
				ENABLE_TESTABILITY = YES;
				GCC_C_LANGUAGE_STANDARD = gnu11;
				GCC_DYNAMIC_NO_PIC = NO;
				GCC_NO_COMMON_BLOCKS = YES;
				GCC_OPTIMIZATION_LEVEL = 0;
				GCC_PREPROCESSOR_DEFINITIONS = (
					"DEBUG=1",
					"$(inherited)",
				);
				GCC_WARN_64_TO_32_BIT_CONVERSION = YES;
				GCC_WARN_ABOUT_RETURN_TYPE = YES_ERROR;
				GCC_WARN_UNDECLARED_SELECTOR = YES;
				GCC_WARN_UNINITIALIZED_AUTOS = YES_AGGRESSIVE;
				GCC_WARN_UNUSED_FUNCTION = YES;
				GCC_WARN_UNUSED_VARIABLE = YES;
				IPHONEOS_DEPLOYMENT_TARGET = 14.5;
				MTL_ENABLE_DEBUG_INFO = INCLUDE_SOURCE;
				MTL_FAST_MATH = YES;
				ONLY_ACTIVE_ARCH = YES;
				SDKROOT = iphoneos;
				SWIFT_ACTIVE_COMPILATION_CONDITIONS = DEBUG;
				SWIFT_OPTIMIZATION_LEVEL = "-Onone";
			};
			name = Debug;
		};
		5A8BB78D268E17EA0072ED0B /* Release */ = {
			isa = XCBuildConfiguration;
			buildSettings = {
				ALWAYS_SEARCH_USER_PATHS = NO;
				CLANG_ANALYZER_NONNULL = YES;
				CLANG_ANALYZER_NUMBER_OBJECT_CONVERSION = YES_AGGRESSIVE;
				CLANG_CXX_LANGUAGE_STANDARD = "gnu++14";
				CLANG_CXX_LIBRARY = "libc++";
				CLANG_ENABLE_MODULES = YES;
				CLANG_ENABLE_OBJC_ARC = YES;
				CLANG_ENABLE_OBJC_WEAK = YES;
				CLANG_WARN_BLOCK_CAPTURE_AUTORELEASING = YES;
				CLANG_WARN_BOOL_CONVERSION = YES;
				CLANG_WARN_COMMA = YES;
				CLANG_WARN_CONSTANT_CONVERSION = YES;
				CLANG_WARN_DEPRECATED_OBJC_IMPLEMENTATIONS = YES;
				CLANG_WARN_DIRECT_OBJC_ISA_USAGE = YES_ERROR;
				CLANG_WARN_DOCUMENTATION_COMMENTS = YES;
				CLANG_WARN_EMPTY_BODY = YES;
				CLANG_WARN_ENUM_CONVERSION = YES;
				CLANG_WARN_INFINITE_RECURSION = YES;
				CLANG_WARN_INT_CONVERSION = YES;
				CLANG_WARN_NON_LITERAL_NULL_CONVERSION = YES;
				CLANG_WARN_OBJC_IMPLICIT_RETAIN_SELF = YES;
				CLANG_WARN_OBJC_LITERAL_CONVERSION = YES;
				CLANG_WARN_OBJC_ROOT_CLASS = YES_ERROR;
				CLANG_WARN_QUOTED_INCLUDE_IN_FRAMEWORK_HEADER = YES;
				CLANG_WARN_RANGE_LOOP_ANALYSIS = YES;
				CLANG_WARN_STRICT_PROTOTYPES = YES;
				CLANG_WARN_SUSPICIOUS_MOVE = YES;
				CLANG_WARN_UNGUARDED_AVAILABILITY = YES_AGGRESSIVE;
				CLANG_WARN_UNREACHABLE_CODE = YES;
				CLANG_WARN__DUPLICATE_METHOD_MATCH = YES;
				COPY_PHASE_STRIP = NO;
				DEBUG_INFORMATION_FORMAT = "dwarf-with-dsym";
				ENABLE_NS_ASSERTIONS = NO;
				ENABLE_STRICT_OBJC_MSGSEND = YES;
				GCC_C_LANGUAGE_STANDARD = gnu11;
				GCC_NO_COMMON_BLOCKS = YES;
				GCC_WARN_64_TO_32_BIT_CONVERSION = YES;
				GCC_WARN_ABOUT_RETURN_TYPE = YES_ERROR;
				GCC_WARN_UNDECLARED_SELECTOR = YES;
				GCC_WARN_UNINITIALIZED_AUTOS = YES_AGGRESSIVE;
				GCC_WARN_UNUSED_FUNCTION = YES;
				GCC_WARN_UNUSED_VARIABLE = YES;
				IPHONEOS_DEPLOYMENT_TARGET = 14.5;
				MTL_ENABLE_DEBUG_INFO = NO;
				MTL_FAST_MATH = YES;
				SDKROOT = iphoneos;
				SWIFT_COMPILATION_MODE = wholemodule;
				SWIFT_OPTIMIZATION_LEVEL = "-O";
				VALIDATE_PRODUCT = YES;
			};
			name = Release;
		};
		5A8BB78F268E17EA0072ED0B /* Debug */ = {
			isa = XCBuildConfiguration;
			buildSettings = {
				ASSETCATALOG_COMPILER_APPICON_NAME = AppIcon;
				ASSETCATALOG_COMPILER_GLOBAL_ACCENT_COLOR_NAME = AccentColor;
				CODE_SIGN_STYLE = Automatic;
				DEVELOPMENT_TEAM = ALVSY66ULS;
				INFOPLIST_FILE = CleanSwiftExample/Info.plist;
				LD_RUNPATH_SEARCH_PATHS = (
					"$(inherited)",
					"@executable_path/Frameworks",
				);
				PRODUCT_BUNDLE_IDENTIFIER = sdk.CleanSwiftExample;
				PRODUCT_NAME = "$(TARGET_NAME)";
				SWIFT_VERSION = 5.0;
				TARGETED_DEVICE_FAMILY = "1,2";
			};
			name = Debug;
		};
		5A8BB790268E17EA0072ED0B /* Release */ = {
			isa = XCBuildConfiguration;
			buildSettings = {
				ASSETCATALOG_COMPILER_APPICON_NAME = AppIcon;
				ASSETCATALOG_COMPILER_GLOBAL_ACCENT_COLOR_NAME = AccentColor;
				CODE_SIGN_STYLE = Automatic;
				DEVELOPMENT_TEAM = ALVSY66ULS;
				INFOPLIST_FILE = CleanSwiftExample/Info.plist;
				LD_RUNPATH_SEARCH_PATHS = (
					"$(inherited)",
					"@executable_path/Frameworks",
				);
				PRODUCT_BUNDLE_IDENTIFIER = sdk.CleanSwiftExample;
				PRODUCT_NAME = "$(TARGET_NAME)";
				SWIFT_VERSION = 5.0;
				TARGETED_DEVICE_FAMILY = "1,2";
			};
			name = Release;
		};
/* End XCBuildConfiguration section */

/* Begin XCConfigurationList section */
		5A8BB775268E17E70072ED0B /* Build configuration list for PBXProject "CleanSwiftExample" */ = {
			isa = XCConfigurationList;
			buildConfigurations = (
				5A8BB78C268E17EA0072ED0B /* Debug */,
				5A8BB78D268E17EA0072ED0B /* Release */,
			);
			defaultConfigurationIsVisible = 0;
			defaultConfigurationName = Release;
		};
		5A8BB78E268E17EA0072ED0B /* Build configuration list for PBXNativeTarget "CleanSwiftExample" */ = {
			isa = XCConfigurationList;
			buildConfigurations = (
				5A8BB78F268E17EA0072ED0B /* Debug */,
				5A8BB790268E17EA0072ED0B /* Release */,
			);
			defaultConfigurationIsVisible = 0;
			defaultConfigurationName = Release;
		};
/* End XCConfigurationList section */

/* Begin XCVersionGroup section */
		5A1B7FB9269F5A620012C7F7 /* CoreData.xcdatamodeld */ = {
			isa = XCVersionGroup;
			children = (
				5A1B7FBA269F5A630012C7F7 /* ScoreData.xcdatamodel */,
			);
			currentVersion = 5A1B7FBA269F5A630012C7F7 /* ScoreData.xcdatamodel */;
			path = CoreData.xcdatamodeld;
			sourceTree = "<group>";
			versionGroupType = wrapper.xcdatamodel;
		};
/* End XCVersionGroup section */
	};
	rootObject = 5A8BB772268E17E70072ED0B /* Project object */;
}
